
Microsoft Visual Studio Solution File, Format Version 12.00
# Visual Studio 2012
Project("{FAE04EC0-301F-11D3-BF4B-00C04F79EFBC}") = "Lucene.Net", "Lucene.Net\Lucene.Net.csproj", "{5B0CBAEC-6681-423C-B2B1-E3886A5BDF6C}"
EndProject
Project("{FAE04EC0-301F-11D3-BF4B-00C04F79EFBC}") = "Lucene.Cli", "Lucene.Cli\Lucene.Cli.csproj", "{8680734F-6C5A-4D16-B6EA-579DC24CF1F9}"
EndProject
Project("{FAE04EC0-301F-11D3-BF4B-00C04F79EFBC}") = "BouncyCastle", "..\bc-csharp\crypto\BouncyCastle.csproj", "{4C235092-820C-4DEB-9074-D356FB797D8B}"
EndProject
Project("{FAE04EC0-301F-11D3-BF4B-00C04F79EFBC}") = "Lucene.Net.Android", "Lucene.Net.Android\Lucene.Net.Android.csproj", "{B0F398CA-1CAA-45FD-94DC-15BBF1A93377}"
EndProject
Project("{FAE04EC0-301F-11D3-BF4B-00C04F79EFBC}") = "Lucene.Net.iOS", "Lucene.Net.iOS\Lucene.Net.iOS.csproj", "{35BDE52C-1FAD-42BB-841B-9298F354AFE8}"
EndProject
Project("{FAE04EC0-301F-11D3-BF4B-00C04F79EFBC}") = "IndexLib", "..\NachoClientX\IndexLib\IndexLib.csproj", "{E07F9BDA-96D9-4203-AF9D-D7733A65AE83}"
EndProject
Project("{FAE04EC0-301F-11D3-BF4B-00C04F79EFBC}") = "MimeKit", "..\MimeKit\MimeKit\MimeKit.csproj", "{D5F54A4F-D84B-430F-9271-F7861E285B3E}"
EndProject
Global
	GlobalSection(SolutionConfigurationPlatforms) = preSolution
		Debug|Any CPU = Debug|Any CPU
		Release|Any CPU = Release|Any CPU
	EndGlobalSection
	GlobalSection(ProjectConfigurationPlatforms) = postSolution
		{35BDE52C-1FAD-42BB-841B-9298F354AFE8}.Debug|Any CPU.ActiveCfg = Debug|Any CPU
		{35BDE52C-1FAD-42BB-841B-9298F354AFE8}.Debug|Any CPU.Build.0 = Debug|Any CPU
		{35BDE52C-1FAD-42BB-841B-9298F354AFE8}.Release|Any CPU.ActiveCfg = Release|Any CPU
		{35BDE52C-1FAD-42BB-841B-9298F354AFE8}.Release|Any CPU.Build.0 = Release|Any CPU
		{4C235092-820C-4DEB-9074-D356FB797D8B}.Debug|Any CPU.ActiveCfg = Debug|Any CPU
		{4C235092-820C-4DEB-9074-D356FB797D8B}.Debug|Any CPU.Build.0 = Debug|Any CPU
		{4C235092-820C-4DEB-9074-D356FB797D8B}.Release|Any CPU.ActiveCfg = Release|Any CPU
		{4C235092-820C-4DEB-9074-D356FB797D8B}.Release|Any CPU.Build.0 = Release|Any CPU
		{5B0CBAEC-6681-423C-B2B1-E3886A5BDF6C}.Debug|Any CPU.ActiveCfg = Debug|Any CPU
		{5B0CBAEC-6681-423C-B2B1-E3886A5BDF6C}.Debug|Any CPU.Build.0 = Debug|Any CPU
		{5B0CBAEC-6681-423C-B2B1-E3886A5BDF6C}.Release|Any CPU.ActiveCfg = Release|Any CPU
		{5B0CBAEC-6681-423C-B2B1-E3886A5BDF6C}.Release|Any CPU.Build.0 = Release|Any CPU
		{8680734F-6C5A-4D16-B6EA-579DC24CF1F9}.Debug|Any CPU.ActiveCfg = Debug|Any CPU
		{8680734F-6C5A-4D16-B6EA-579DC24CF1F9}.Debug|Any CPU.Build.0 = Debug|Any CPU
		{8680734F-6C5A-4D16-B6EA-579DC24CF1F9}.Release|Any CPU.ActiveCfg = Release|Any CPU
		{8680734F-6C5A-4D16-B6EA-579DC24CF1F9}.Release|Any CPU.Build.0 = Release|Any CPU
		{B0F398CA-1CAA-45FD-94DC-15BBF1A93377}.Debug|Any CPU.ActiveCfg = Debug|Any CPU
		{B0F398CA-1CAA-45FD-94DC-15BBF1A93377}.Debug|Any CPU.Build.0 = Debug|Any CPU
		{B0F398CA-1CAA-45FD-94DC-15BBF1A93377}.Release|Any CPU.ActiveCfg = Release|Any CPU
		{B0F398CA-1CAA-45FD-94DC-15BBF1A93377}.Release|Any CPU.Build.0 = Release|Any CPU
		{D5F54A4F-D84B-430F-9271-F7861E285B3E}.Debug|Any CPU.ActiveCfg = Debug|Any CPU
		{D5F54A4F-D84B-430F-9271-F7861E285B3E}.Debug|Any CPU.Build.0 = Debug|Any CPU
		{D5F54A4F-D84B-430F-9271-F7861E285B3E}.Release|Any CPU.ActiveCfg = Release|Any CPU
		{D5F54A4F-D84B-430F-9271-F7861E285B3E}.Release|Any CPU.Build.0 = Release|Any CPU
		{E07F9BDA-96D9-4203-AF9D-D7733A65AE83}.Debug|Any CPU.ActiveCfg = Debug|Any CPU
		{E07F9BDA-96D9-4203-AF9D-D7733A65AE83}.Debug|Any CPU.Build.0 = Debug|Any CPU
		{E07F9BDA-96D9-4203-AF9D-D7733A65AE83}.Release|Any CPU.ActiveCfg = Release|Any CPU
		{E07F9BDA-96D9-4203-AF9D-D7733A65AE83}.Release|Any CPU.Build.0 = Release|Any CPU
	EndGlobalSection
	GlobalSection(MonoDevelopProperties) = preSolution
		StartupItem = Lucene.Cli\Lucene.Cli.csproj
	EndGlobalSection
EndGlobal
